# This file is automatically @generated by Cargo.
# It is not intended for manual editing.
version = 3

[[package]]
name = "bitmaps"
version = "2.1.0"
source = "registry+https://github.com/rust-lang/crates.io-index"
checksum = "031043d04099746d8db04daf1fa424b2bc8bd69d92b25962dcde24da39ab64a2"
dependencies = [
 "typenum",
]

[[package]]
name = "cfg-if"
version = "1.0.0"
source = "registry+https://github.com/rust-lang/crates.io-index"
checksum = "baf1de4339761588bc0619e3cbc0120ee582ebb74b53b4efbf79117bd2da40fd"

[[package]]
name = "getrandom"
version = "0.2.10"
source = "registry+https://github.com/rust-lang/crates.io-index"
checksum = "be4136b2a15dd319360be1c07d9933517ccf0be8f16bf62a3bee4f0d618df427"
dependencies = [
 "cfg-if",
 "libc",
 "wasi",
]

[[package]]
name = "im"
version = "15.1.0"
source = "registry+https://github.com/rust-lang/crates.io-index"
checksum = "d0acd33ff0285af998aaf9b57342af478078f53492322fafc47450e09397e0e9"
dependencies = [
 "bitmaps",
 "rand_core",
 "rand_xoshiro",
 "sized-chunks",
 "typenum",
 "version_check",
]

[[package]]
name = "libc"
version = "0.2.147"
source = "registry+https://github.com/rust-lang/crates.io-index"
checksum = "b4668fb0ea861c1df094127ac5f1da3409a82116a4ba74fca2e58ef927159bb3"

[[package]]
name = "rand_core"
version = "0.6.4"
source = "registry+https://github.com/rust-lang/crates.io-index"
checksum = "ec0be4795e2f6a28069bec0b5ff3e2ac9bafc99e6a9a7dc3547996c5c816922c"

[[package]]
name = "rand_xoshiro"
version = "0.6.0"
source = "registry+https://github.com/rust-lang/crates.io-index"
checksum = "6f97cdb2a36ed4183de61b2f824cc45c9f1037f28afe0a322e9fff4c108b5aaa"
dependencies = [
 "rand_core",
]

[[package]]
name = "sized-chunks"
version = "0.6.5"
source = "registry+https://github.com/rust-lang/crates.io-index"
checksum = "16d69225bde7a69b235da73377861095455d298f2b970996eec25ddbb42b3d1e"
dependencies = [
 "bitmaps",
 "typenum",
]

[[package]]
name = "tower"
version = "0.1.0"
dependencies = [
 "im",
 "unicode-segmentation",
 "unicode-xid",
 "uuid",
]

[[package]]
name = "typenum"
version = "1.16.0"
source = "registry+https://github.com/rust-lang/crates.io-index"
checksum = "497961ef93d974e23eb6f433eb5fe1b7930b659f06d12dec6fc44a8f554c0bba"

[[package]]
name = "unicode-segmentation"
version = "1.10.1"
source = "registry+https://github.com/rust-lang/crates.io-index"
checksum = "1dd624098567895118886609431a7c3b8f516e41d30e0643f03d94592a147e36"

[[package]]
name = "unicode-xid"
version = "0.2.4"
source = "registry+https://github.com/rust-lang/crates.io-index"
checksum = "f962df74c8c05a667b5ee8bcf162993134c104e96440b663c8daa176dc772d8c"

[[package]]
name = "uuid"
version = "1.4.1"
source = "registry+https://github.com/rust-lang/crates.io-index"
checksum = "79daa5ed5740825c40b389c5e50312b9c86df53fccd33f281df655642b43869d"
dependencies = [
 "getrandom",
]

[[package]]
name = "version_check"
version = "0.9.4"
source = "registry+https://github.com/rust-lang/crates.io-index"
checksum = "49874b5167b65d7193b8aba1567f5c7d93d001cafc34600cee003eda787e483f"

[[package]]
name = "wasi"
version = "0.11.0+wasi-snapshot-preview1"
source = "registry+https://github.com/rust-lang/crates.io-index"
checksum = "9c8d87e72b64a3b4db28d11ce29237c246188f4f51057d65a7eab63b7987e423"
